// !$*UTF8*$!
{
	archiveVersion = 1;
	classes = {
	};
	objectVersion = 51;
	objects = {

/* Begin PBXBuildFile section */
		25B917EA914A43FEEBE03097 /* Pods_FixIt.framework in Frameworks */ = {isa = PBXBuildFile; fileRef = F242F0D36D63F2E17E4AAA75 /* Pods_FixIt.framework */; };
		CD22117D25169A9700F76157 /* covid-01.png in Resources */ = {isa = PBXBuildFile; fileRef = CD22117C25169A9700F76157 /* covid-01.png */; };
		CD3C0D252516BCEB0065184A /* Plumbing.png in Resources */ = {isa = PBXBuildFile; fileRef = CD3C0D1D2516BCE90065184A /* Plumbing.png */; };
		CD3C0D262516BCEB0065184A /* Flooring.png in Resources */ = {isa = PBXBuildFile; fileRef = CD3C0D1E2516BCEA0065184A /* Flooring.png */; };
		CD3C0D272516BCEB0065184A /* carwash.png in Resources */ = {isa = PBXBuildFile; fileRef = CD3C0D1F2516BCEA0065184A /* carwash.png */; };
		CD3C0D282516BCEB0065184A /* cleaning.png in Resources */ = {isa = PBXBuildFile; fileRef = CD3C0D202516BCEA0065184A /* cleaning.png */; };
		CD3C0D292516BCEB0065184A /* Carpentry.png in Resources */ = {isa = PBXBuildFile; fileRef = CD3C0D212516BCEA0065184A /* Carpentry.png */; };
		CD3C0D2A2516BCEB0065184A /* Electrical.png in Resources */ = {isa = PBXBuildFile; fileRef = CD3C0D222516BCEA0065184A /* Electrical.png */; };
		CD3C0D2B2516BCEB0065184A /* laundry.png in Resources */ = {isa = PBXBuildFile; fileRef = CD3C0D232516BCEA0065184A /* laundry.png */; };
		CD3C0D2C2516BCEB0065184A /* Landscaping.png in Resources */ = {isa = PBXBuildFile; fileRef = CD3C0D242516BCEB0065184A /* Landscaping.png */; };
		CD63C9332512C9390086CA7A /* ServicesVC.swift in Sources */ = {isa = PBXBuildFile; fileRef = CD63C9322512C9390086CA7A /* ServicesVC.swift */; };
		CD6B8244250E63EB008D1047 /* AppDelegate.swift in Sources */ = {isa = PBXBuildFile; fileRef = CD6B8243250E63EB008D1047 /* AppDelegate.swift */; };
		CD6B8246250E63EB008D1047 /* SceneDelegate.swift in Sources */ = {isa = PBXBuildFile; fileRef = CD6B8245250E63EB008D1047 /* SceneDelegate.swift */; };
		CD6B8248250E63EB008D1047 /* ViewController.swift in Sources */ = {isa = PBXBuildFile; fileRef = CD6B8247250E63EB008D1047 /* ViewController.swift */; };
		CD6B824B250E63EB008D1047 /* Main.storyboard in Resources */ = {isa = PBXBuildFile; fileRef = CD6B8249250E63EB008D1047 /* Main.storyboard */; };
		CD6B824D250E63EE008D1047 /* Assets.xcassets in Resources */ = {isa = PBXBuildFile; fileRef = CD6B824C250E63EE008D1047 /* Assets.xcassets */; };
		CD6B8250250E63EE008D1047 /* LaunchScreen.storyboard in Resources */ = {isa = PBXBuildFile; fileRef = CD6B824E250E63EE008D1047 /* LaunchScreen.storyboard */; };
		CD6B8259250E6E5B008D1047 /* BG1.jpg in Resources */ = {isa = PBXBuildFile; fileRef = CD6B8258250E6E5B008D1047 /* BG1.jpg */; };
		CD6B825B250E6F77008D1047 /* BG2.jpg in Resources */ = {isa = PBXBuildFile; fileRef = CD6B825A250E6F77008D1047 /* BG2.jpg */; };
		CD6B8268250E6FD0008D1047 /* BG8.jpg in Resources */ = {isa = PBXBuildFile; fileRef = CD6B825C250E6FCD008D1047 /* BG8.jpg */; };
		CD6B8269250E6FD0008D1047 /* BG4.jpg in Resources */ = {isa = PBXBuildFile; fileRef = CD6B825D250E6FCD008D1047 /* BG4.jpg */; };
		CD6B826A250E6FD0008D1047 /* BG10.jpg in Resources */ = {isa = PBXBuildFile; fileRef = CD6B825E250E6FCE008D1047 /* BG10.jpg */; };
		CD6B826B250E6FD0008D1047 /* BG6.jpg in Resources */ = {isa = PBXBuildFile; fileRef = CD6B825F250E6FCE008D1047 /* BG6.jpg */; };
		CD6B826C250E6FD0008D1047 /* BG11.jpg in Resources */ = {isa = PBXBuildFile; fileRef = CD6B8260250E6FCE008D1047 /* BG11.jpg */; };
		CD6B826D250E6FD0008D1047 /* BG13.jpg in Resources */ = {isa = PBXBuildFile; fileRef = CD6B8261250E6FCE008D1047 /* BG13.jpg */; };
		CD6B826E250E6FD0008D1047 /* BG14.jpg in Resources */ = {isa = PBXBuildFile; fileRef = CD6B8262250E6FCE008D1047 /* BG14.jpg */; };
		CD6B826F250E6FD0008D1047 /* BG5.jpg in Resources */ = {isa = PBXBuildFile; fileRef = CD6B8263250E6FCF008D1047 /* BG5.jpg */; };
		CD6B8270250E6FD0008D1047 /* BG3.jpg in Resources */ = {isa = PBXBuildFile; fileRef = CD6B8264250E6FCF008D1047 /* BG3.jpg */; };
		CD6B8271250E6FD0008D1047 /* BG12.jpg in Resources */ = {isa = PBXBuildFile; fileRef = CD6B8265250E6FCF008D1047 /* BG12.jpg */; };
		CD6B8272250E6FD0008D1047 /* BG7.jpg in Resources */ = {isa = PBXBuildFile; fileRef = CD6B8266250E6FCF008D1047 /* BG7.jpg */; };
		CD6B8273250E6FD0008D1047 /* BG9.jpg in Resources */ = {isa = PBXBuildFile; fileRef = CD6B8267250E6FD0008D1047 /* BG9.jpg */; };
		CD6B8278250E8520008D1047 /* Logo1.png in Resources */ = {isa = PBXBuildFile; fileRef = CD6B8277250E8520008D1047 /* Logo1.png */; };
		CD6B827A250E9350008D1047 /* FixItLogoW1-01.png in Resources */ = {isa = PBXBuildFile; fileRef = CD6B8279250E9350008D1047 /* FixItLogoW1-01.png */; };
		CD6B827C250EB62D008D1047 /* FixItLogoW2.png in Resources */ = {isa = PBXBuildFile; fileRef = CD6B827B250EB62D008D1047 /* FixItLogoW2.png */; };
		CDA478D22621E397008D1EB1 /* GoogleService-Info.plist in Resources */ = {isa = PBXBuildFile; fileRef = CDA478D12621E396008D1EB1 /* GoogleService-Info.plist */; };
		CDB2D225251819F7009B6860 /* ServiceSubVC.swift in Sources */ = {isa = PBXBuildFile; fileRef = CDB2D224251819F7009B6860 /* ServiceSubVC.swift */; };
/* End PBXBuildFile section */

/* Begin PBXFileReference section */
		059AAD2DBE47B77F83AF83BF /* Pods-FixIt.debug.xcconfig */ = {isa = PBXFileReference; includeInIndex = 1; lastKnownFileType = text.xcconfig; name = "Pods-FixIt.debug.xcconfig"; path = "Target Support Files/Pods-FixIt/Pods-FixIt.debug.xcconfig"; sourceTree = "<group>"; };
		83E3B6131E374601347ADD7B /* Pods-FixIt.release.xcconfig */ = {isa = PBXFileReference; includeInIndex = 1; lastKnownFileType = text.xcconfig; name = "Pods-FixIt.release.xcconfig"; path = "Target Support Files/Pods-FixIt/Pods-FixIt.release.xcconfig"; sourceTree = "<group>"; };
		CD22117C25169A9700F76157 /* covid-01.png */ = {isa = PBXFileReference; lastKnownFileType = image.png; path = "covid-01.png"; sourceTree = "<group>"; };
		CD3C0D1D2516BCE90065184A /* Plumbing.png */ = {isa = PBXFileReference; lastKnownFileType = image.png; path = Plumbing.png; sourceTree = "<group>"; };
		CD3C0D1E2516BCEA0065184A /* Flooring.png */ = {isa = PBXFileReference; lastKnownFileType = image.png; path = Flooring.png; sourceTree = "<group>"; };
		CD3C0D1F2516BCEA0065184A /* carwash.png */ = {isa = PBXFileReference; lastKnownFileType = image.png; path = carwash.png; sourceTree = "<group>"; };
		CD3C0D202516BCEA0065184A /* cleaning.png */ = {isa = PBXFileReference; lastKnownFileType = image.png; path = cleaning.png; sourceTree = "<group>"; };
		CD3C0D212516BCEA0065184A /* Carpentry.png */ = {isa = PBXFileReference; lastKnownFileType = image.png; path = Carpentry.png; sourceTree = "<group>"; };
		CD3C0D222516BCEA0065184A /* Electrical.png */ = {isa = PBXFileReference; lastKnownFileType = image.png; path = Electrical.png; sourceTree = "<group>"; };
		CD3C0D232516BCEA0065184A /* laundry.png */ = {isa = PBXFileReference; lastKnownFileType = image.png; path = laundry.png; sourceTree = "<group>"; };
		CD3C0D242516BCEB0065184A /* Landscaping.png */ = {isa = PBXFileReference; lastKnownFileType = image.png; path = Landscaping.png; sourceTree = "<group>"; };
		CD63C9322512C9390086CA7A /* ServicesVC.swift */ = {isa = PBXFileReference; lastKnownFileType = sourcecode.swift; path = ServicesVC.swift; sourceTree = "<group>"; };
		CD6B8240250E63EB008D1047 /* FixIt.app */ = {isa = PBXFileReference; explicitFileType = wrapper.application; includeInIndex = 0; path = FixIt.app; sourceTree = BUILT_PRODUCTS_DIR; };
		CD6B8243250E63EB008D1047 /* AppDelegate.swift */ = {isa = PBXFileReference; lastKnownFileType = sourcecode.swift; path = AppDelegate.swift; sourceTree = "<group>"; };
		CD6B8245250E63EB008D1047 /* SceneDelegate.swift */ = {isa = PBXFileReference; lastKnownFileType = sourcecode.swift; path = SceneDelegate.swift; sourceTree = "<group>"; };
		CD6B8247250E63EB008D1047 /* ViewController.swift */ = {isa = PBXFileReference; lastKnownFileType = sourcecode.swift; path = ViewController.swift; sourceTree = "<group>"; };
		CD6B824A250E63EB008D1047 /* Base */ = {isa = PBXFileReference; lastKnownFileType = file.storyboard; name = Base; path = Base.lproj/Main.storyboard; sourceTree = "<group>"; };
		CD6B824C250E63EE008D1047 /* Assets.xcassets */ = {isa = PBXFileReference; lastKnownFileType = folder.assetcatalog; path = Assets.xcassets; sourceTree = "<group>"; };
		CD6B824F250E63EE008D1047 /* Base */ = {isa = PBXFileReference; lastKnownFileType = file.storyboard; name = Base; path = Base.lproj/LaunchScreen.storyboard; sourceTree = "<group>"; };
		CD6B8251250E63EE008D1047 /* Info.plist */ = {isa = PBXFileReference; lastKnownFileType = text.plist.xml; path = Info.plist; sourceTree = "<group>"; };
		CD6B8258250E6E5B008D1047 /* BG1.jpg */ = {isa = PBXFileReference; lastKnownFileType = image.jpeg; path = BG1.jpg; sourceTree = "<group>"; };
		CD6B825A250E6F77008D1047 /* BG2.jpg */ = {isa = PBXFileReference; lastKnownFileType = image.jpeg; path = BG2.jpg; sourceTree = "<group>"; };
		CD6B825C250E6FCD008D1047 /* BG8.jpg */ = {isa = PBXFileReference; lastKnownFileType = image.jpeg; path = BG8.jpg; sourceTree = "<group>"; };
		CD6B825D250E6FCD008D1047 /* BG4.jpg */ = {isa = PBXFileReference; lastKnownFileType = image.jpeg; path = BG4.jpg; sourceTree = "<group>"; };
		CD6B825E250E6FCE008D1047 /* BG10.jpg */ = {isa = PBXFileReference; lastKnownFileType = image.jpeg; path = BG10.jpg; sourceTree = "<group>"; };
		CD6B825F250E6FCE008D1047 /* BG6.jpg */ = {isa = PBXFileReference; lastKnownFileType = image.jpeg; path = BG6.jpg; sourceTree = "<group>"; };
		CD6B8260250E6FCE008D1047 /* BG11.jpg */ = {isa = PBXFileReference; lastKnownFileType = image.jpeg; path = BG11.jpg; sourceTree = "<group>"; };
		CD6B8261250E6FCE008D1047 /* BG13.jpg */ = {isa = PBXFileReference; lastKnownFileType = image.jpeg; path = BG13.jpg; sourceTree = "<group>"; };
		CD6B8262250E6FCE008D1047 /* BG14.jpg */ = {isa = PBXFileReference; lastKnownFileType = image.jpeg; path = BG14.jpg; sourceTree = "<group>"; };
		CD6B8263250E6FCF008D1047 /* BG5.jpg */ = {isa = PBXFileReference; lastKnownFileType = image.jpeg; path = BG5.jpg; sourceTree = "<group>"; };
		CD6B8264250E6FCF008D1047 /* BG3.jpg */ = {isa = PBXFileReference; lastKnownFileType = image.jpeg; path = BG3.jpg; sourceTree = "<group>"; };
		CD6B8265250E6FCF008D1047 /* BG12.jpg */ = {isa = PBXFileReference; lastKnownFileType = image.jpeg; path = BG12.jpg; sourceTree = "<group>"; };
		CD6B8266250E6FCF008D1047 /* BG7.jpg */ = {isa = PBXFileReference; lastKnownFileType = image.jpeg; path = BG7.jpg; sourceTree = "<group>"; };
		CD6B8267250E6FD0008D1047 /* BG9.jpg */ = {isa = PBXFileReference; lastKnownFileType = image.jpeg; path = BG9.jpg; sourceTree = "<group>"; };
		CD6B8277250E8520008D1047 /* Logo1.png */ = {isa = PBXFileReference; lastKnownFileType = image.png; path = Logo1.png; sourceTree = SOURCE_ROOT; };
		CD6B8279250E9350008D1047 /* FixItLogoW1-01.png */ = {isa = PBXFileReference; lastKnownFileType = image.png; path = "FixItLogoW1-01.png"; sourceTree = SOURCE_ROOT; };
		CD6B827B250EB62D008D1047 /* FixItLogoW2.png */ = {isa = PBXFileReference; lastKnownFileType = image.png; path = FixItLogoW2.png; sourceTree = SOURCE_ROOT; };
		CDA478D12621E396008D1EB1 /* GoogleService-Info.plist */ = {isa = PBXFileReference; fileEncoding = 4; lastKnownFileType = text.plist.xml; path = "GoogleService-Info.plist"; sourceTree = "<group>"; };
		CDB2D224251819F7009B6860 /* ServiceSubVC.swift */ = {isa = PBXFileReference; lastKnownFileType = sourcecode.swift; path = ServiceSubVC.swift; sourceTree = "<group>"; };
		F242F0D36D63F2E17E4AAA75 /* Pods_FixIt.framework */ = {isa = PBXFileReference; explicitFileType = wrapper.framework; includeInIndex = 0; path = Pods_FixIt.framework; sourceTree = BUILT_PRODUCTS_DIR; };
/* End PBXFileReference section */

/* Begin PBXFrameworksBuildPhase section */
		CD6B823D250E63EB008D1047 /* Frameworks */ = {
			isa = PBXFrameworksBuildPhase;
			buildActionMask = 2147483647;
			files = (
				25B917EA914A43FEEBE03097 /* Pods_FixIt.framework in Frameworks */,
			);
			runOnlyForDeploymentPostprocessing = 0;
		};
/* End PBXFrameworksBuildPhase section */

/* Begin PBXGroup section */
		2E70E1DA277A96633B16DD4F /* Pods */ = {
			isa = PBXGroup;
			children = (
				059AAD2DBE47B77F83AF83BF /* Pods-FixIt.debug.xcconfig */,
				83E3B6131E374601347ADD7B /* Pods-FixIt.release.xcconfig */,
			);
			path = Pods;
			sourceTree = "<group>";
		};
		CD3C0D2E2516BD210065184A /* Services */ = {
			isa = PBXGroup;
			children = (
				CD3C0D212516BCEA0065184A /* Carpentry.png */,
				CD3C0D1F2516BCEA0065184A /* carwash.png */,
				CD3C0D202516BCEA0065184A /* cleaning.png */,
				CD3C0D222516BCEA0065184A /* Electrical.png */,
				CD3C0D1E2516BCEA0065184A /* Flooring.png */,
				CD3C0D242516BCEB0065184A /* Landscaping.png */,
				CD3C0D232516BCEA0065184A /* laundry.png */,
				CD3C0D1D2516BCE90065184A /* Plumbing.png */,
				CD22117C25169A9700F76157 /* covid-01.png */,
			);
			path = Services;
			sourceTree = "<group>";
		};
		CD6B8237250E63EB008D1047 = {
			isa = PBXGroup;
			children = (
				CD6B8242250E63EB008D1047 /* FixIt */,
				CD6B8241250E63EB008D1047 /* Products */,
				2E70E1DA277A96633B16DD4F /* Pods */,
				E0313EDB71209CB884C8DB6F /* Frameworks */,
			);
			sourceTree = "<group>";
		};
		CD6B8241250E63EB008D1047 /* Products */ = {
			isa = PBXGroup;
			children = (
				CD6B8240250E63EB008D1047 /* FixIt.app */,
			);
			name = Products;
			sourceTree = "<group>";
		};
		CD6B8242250E63EB008D1047 /* FixIt */ = {
			isa = PBXGroup;
			children = (
				CD6B8243250E63EB008D1047 /* AppDelegate.swift */,
				CD63C9322512C9390086CA7A /* ServicesVC.swift */,
				CD6B8245250E63EB008D1047 /* SceneDelegate.swift */,
				CD6B8247250E63EB008D1047 /* ViewController.swift */,
				CD6B8249250E63EB008D1047 /* Main.storyboard */,
				CDB2D224251819F7009B6860 /* ServiceSubVC.swift */,
				CDA478D12621E396008D1EB1 /* GoogleService-Info.plist */,
				CD6B824C250E63EE008D1047 /* Assets.xcassets */,
				CD6B824E250E63EE008D1047 /* LaunchScreen.storyboard */,
				CD6B8251250E63EE008D1047 /* Info.plist */,
				CD6B8277250E8520008D1047 /* Logo1.png */,
				CD3C0D2E2516BD210065184A /* Services */,
				CD6B8279250E9350008D1047 /* FixItLogoW1-01.png */,
				CD6B827B250EB62D008D1047 /* FixItLogoW2.png */,
				CD6B8257250E6CC0008D1047 /* BG */,
			);
			path = FixIt;
			sourceTree = "<group>";
		};
		CD6B8257250E6CC0008D1047 /* BG */ = {
			isa = PBXGroup;
			children = (
				CD6B8258250E6E5B008D1047 /* BG1.jpg */,
				CD6B825A250E6F77008D1047 /* BG2.jpg */,
				CD6B8264250E6FCF008D1047 /* BG3.jpg */,
				CD6B825D250E6FCD008D1047 /* BG4.jpg */,
				CD6B8263250E6FCF008D1047 /* BG5.jpg */,
				CD6B825F250E6FCE008D1047 /* BG6.jpg */,
				CD6B8266250E6FCF008D1047 /* BG7.jpg */,
				CD6B825C250E6FCD008D1047 /* BG8.jpg */,
				CD6B8267250E6FD0008D1047 /* BG9.jpg */,
				CD6B825E250E6FCE008D1047 /* BG10.jpg */,
				CD6B8260250E6FCE008D1047 /* BG11.jpg */,
				CD6B8265250E6FCF008D1047 /* BG12.jpg */,
				CD6B8261250E6FCE008D1047 /* BG13.jpg */,
				CD6B8262250E6FCE008D1047 /* BG14.jpg */,
			);
			path = BG;
			sourceTree = "<group>";
		};
		E0313EDB71209CB884C8DB6F /* Frameworks */ = {
			isa = PBXGroup;
			children = (
				F242F0D36D63F2E17E4AAA75 /* Pods_FixIt.framework */,
			);
			name = Frameworks;
			sourceTree = "<group>";
		};
/* End PBXGroup section */

/* Begin PBXNativeTarget section */
		CD6B823F250E63EB008D1047 /* FixIt */ = {
			isa = PBXNativeTarget;
			buildConfigurationList = CD6B8254250E63EE008D1047 /* Build configuration list for PBXNativeTarget "FixIt" */;
			buildPhases = (
				1CE9FB427154F0FAD2895F70 /* [CP] Check Pods Manifest.lock */,
				CD6B823C250E63EB008D1047 /* Sources */,
				CD6B823D250E63EB008D1047 /* Frameworks */,
				CD6B823E250E63EB008D1047 /* Resources */,
				76689A60D2F57AE2CEA185F2 /* [CP] Embed Pods Frameworks */,
			);
			buildRules = (
			);
			dependencies = (
			);
			name = FixIt;
			productName = FixIt;
			productReference = CD6B8240250E63EB008D1047 /* FixIt.app */;
			productType = "com.apple.product-type.application";
		};
/* End PBXNativeTarget section */

/* Begin PBXProject section */
		CD6B8238250E63EB008D1047 /* Project object */ = {
			isa = PBXProject;
			attributes = {
				LastSwiftUpdateCheck = 1170;
				LastUpgradeCheck = 1200;
				ORGANIZATIONNAME = mvnBits;
				TargetAttributes = {
					CD6B823F250E63EB008D1047 = {
						CreatedOnToolsVersion = 11.7;
					};
				};
			};
			buildConfigurationList = CD6B823B250E63EB008D1047 /* Build configuration list for PBXProject "FixIt" */;
			compatibilityVersion = "Xcode 9.3";
			developmentRegion = en;
			hasScannedForEncodings = 0;
			knownRegions = (
				en,
				Base,
			);
			mainGroup = CD6B8237250E63EB008D1047;
			productRefGroup = CD6B8241250E63EB008D1047 /* Products */;
			projectDirPath = "";
			projectRoot = "";
			targets = (
				CD6B823F250E63EB008D1047 /* FixIt */,
			);
		};
/* End PBXProject section */

/* Begin PBXResourcesBuildPhase section */
		CD6B823E250E63EB008D1047 /* Resources */ = {
			isa = PBXResourcesBuildPhase;
			buildActionMask = 2147483647;
			files = (
				CD3C0D2C2516BCEB0065184A /* Landscaping.png in Resources */,
				CD6B8273250E6FD0008D1047 /* BG9.jpg in Resources */,
				CD6B825B250E6F77008D1047 /* BG2.jpg in Resources */,
				CD6B8278250E8520008D1047 /* Logo1.png in Resources */,
				CD6B826A250E6FD0008D1047 /* BG10.jpg in Resources */,
				CD6B827C250EB62D008D1047 /* FixItLogoW2.png in Resources */,
				CD6B8271250E6FD0008D1047 /* BG12.jpg in Resources */,
				CD22117D25169A9700F76157 /* covid-01.png in Resources */,
				CD3C0D272516BCEB0065184A /* carwash.png in Resources */,
				CD6B826D250E6FD0008D1047 /* BG13.jpg in Resources */,
				CD6B826C250E6FD0008D1047 /* BG11.jpg in Resources */,
				CD3C0D262516BCEB0065184A /* Flooring.png in Resources */,
				CD6B8259250E6E5B008D1047 /* BG1.jpg in Resources */,
				CD3C0D282516BCEB0065184A /* cleaning.png in Resources */,
				CD6B8272250E6FD0008D1047 /* BG7.jpg in Resources */,
				CD3C0D252516BCEB0065184A /* Plumbing.png in Resources */,
				CD6B826E250E6FD0008D1047 /* BG14.jpg in Resources */,
				CDA478D22621E397008D1EB1 /* GoogleService-Info.plist in Resources */,
				CD6B826B250E6FD0008D1047 /* BG6.jpg in Resources */,
				CD6B8269250E6FD0008D1047 /* BG4.jpg in Resources */,
				CD3C0D292516BCEB0065184A /* Carpentry.png in Resources */,
				CD6B8250250E63EE008D1047 /* LaunchScreen.storyboard in Resources */,
				CD6B826F250E6FD0008D1047 /* BG5.jpg in Resources */,
				CD3C0D2B2516BCEB0065184A /* laundry.png in Resources */,
				CD6B8270250E6FD0008D1047 /* BG3.jpg in Resources */,
				CD6B8268250E6FD0008D1047 /* BG8.jpg in Resources */,
				CD3C0D2A2516BCEB0065184A /* Electrical.png in Resources */,
				CD6B824D250E63EE008D1047 /* Assets.xcassets in Resources */,
				CD6B827A250E9350008D1047 /* FixItLogoW1-01.png in Resources */,
				CD6B824B250E63EB008D1047 /* Main.storyboard in Resources */,
			);
			runOnlyForDeploymentPostprocessing = 0;
		};
/* End PBXResourcesBuildPhase section */

/* Begin PBXShellScriptBuildPhase section */
		1CE9FB427154F0FAD2895F70 /* [CP] Check Pods Manifest.lock */ = {
			isa = PBXShellScriptBuildPhase;
			buildActionMask = 2147483647;
			files = (
			);
			inputFileListPaths = (
			);
			inputPaths = (
				"${PODS_PODFILE_DIR_PATH}/Podfile.lock",
				"${PODS_ROOT}/Manifest.lock",
			);
			name = "[CP] Check Pods Manifest.lock";
			outputFileListPaths = (
			);
			outputPaths = (
				"$(DERIVED_FILE_DIR)/Pods-FixIt-checkManifestLockResult.txt",
			);
			runOnlyForDeploymentPostprocessing = 0;
			shellPath = /bin/sh;
			shellScript = "diff \"${PODS_PODFILE_DIR_PATH}/Podfile.lock\" \"${PODS_ROOT}/Manifest.lock\" > /dev/null\nif [ $? != 0 ] ; then\n    # print error to STDERR\n    echo \"error: The sandbox is not in sync with the Podfile.lock. Run 'pod install' or update your CocoaPods installation.\" >&2\n    exit 1\nfi\n# This output is used by Xcode 'outputs' to avoid re-running this script phase.\necho \"SUCCESS\" > \"${SCRIPT_OUTPUT_FILE_0}\"\n";
			showEnvVarsInLog = 0;
		};
		76689A60D2F57AE2CEA185F2 /* [CP] Embed Pods Frameworks */ = {
			isa = PBXShellScriptBuildPhase;
			buildActionMask = 2147483647;
			files = (
			);
			inputFileListPaths = (
				"${PODS_ROOT}/Target Support Files/Pods-FixIt/Pods-FixIt-frameworks-${CONFIGURATION}-input-files.xcfilelist",
			);
			name = "[CP] Embed Pods Frameworks";
			outputFileListPaths = (
				"${PODS_ROOT}/Target Support Files/Pods-FixIt/Pods-FixIt-frameworks-${CONFIGURATION}-output-files.xcfilelist",
			);
			runOnlyForDeploymentPostprocessing = 0;
			shellPath = /bin/sh;
			shellScript = "\"${PODS_ROOT}/Target Support Files/Pods-FixIt/Pods-FixIt-frameworks.sh\"\n";
			showEnvVarsInLog = 0;
		};
/* End PBXShellScriptBuildPhase section */

/* Begin PBXSourcesBuildPhase section */
		CD6B823C250E63EB008D1047 /* Sources */ = {
			isa = PBXSourcesBuildPhase;
			buildActionMask = 2147483647;
			files = (
				CDB2D225251819F7009B6860 /* ServiceSubVC.swift in Sources */,
				CD63C9332512C9390086CA7A /* ServicesVC.swift in Sources */,
				CD6B8248250E63EB008D1047 /* ViewController.swift in Sources */,
				CD6B8244250E63EB008D1047 /* AppDelegate.swift in Sources */,
				CD6B8246250E63EB008D1047 /* SceneDelegate.swift in Sources */,
			);
			runOnlyForDeploymentPostprocessing = 0;
		};
/* End PBXSourcesBuildPhase section */

/* Begin PBXVariantGroup section */
		CD6B8249250E63EB008D1047 /* Main.storyboard */ = {
			isa = PBXVariantGroup;
			children = (
				CD6B824A250E63EB008D1047 /* Base */,
			);
			name = Main.storyboard;
			sourceTree = "<group>";
		};
		CD6B824E250E63EE008D1047 /* LaunchScreen.storyboard */ = {
			isa = PBXVariantGroup;
			children = (
				CD6B824F250E63EE008D1047 /* Base */,
			);
			name = LaunchScreen.storyboard;
			sourceTree = "<group>";
		};
/* End PBXVariantGroup section */

/* Begin XCBuildConfiguration section */
		CD6B8252250E63EE008D1047 /* Debug */ = {
			isa = XCBuildConfiguration;
			buildSettings = {
				ALWAYS_SEARCH_USER_PATHS = NO;
				CLANG_ANALYZER_NONNULL = YES;
				CLANG_ANALYZER_NUMBER_OBJECT_CONVERSION = YES_AGGRESSIVE;
				CLANG_CXX_LANGUAGE_STANDARD = "gnu++14";
				CLANG_CXX_LIBRARY = "libc++";
				CLANG_ENABLE_MODULES = YES;
				CLANG_ENABLE_OBJC_ARC = YES;
				CLANG_ENABLE_OBJC_WEAK = YES;
				CLANG_WARN_BLOCK_CAPTURE_AUTORELEASING = YES;
				CLANG_WARN_BOOL_CONVERSION = YES;
				CLANG_WARN_COMMA = YES;
				CLANG_WARN_CONSTANT_CONVERSION = YES;
				CLANG_WARN_DEPRECATED_OBJC_IMPLEMENTATIONS = YES;
				CLANG_WARN_DIRECT_OBJC_ISA_USAGE = YES_ERROR;
				CLANG_WARN_DOCUMENTATION_COMMENTS = YES;
				CLANG_WARN_EMPTY_BODY = YES;
				CLANG_WARN_ENUM_CONVERSION = YES;
				CLANG_WARN_INFINITE_RECURSION = YES;
				CLANG_WARN_INT_CONVERSION = YES;
				CLANG_WARN_NON_LITERAL_NULL_CONVERSION = YES;
				CLANG_WARN_OBJC_IMPLICIT_RETAIN_SELF = YES;
				CLANG_WARN_OBJC_LITERAL_CONVERSION = YES;
				CLANG_WARN_OBJC_ROOT_CLASS = YES_ERROR;
				CLANG_WARN_QUOTED_INCLUDE_IN_FRAMEWORK_HEADER = YES;
				CLANG_WARN_RANGE_LOOP_ANALYSIS = YES;
				CLANG_WARN_STRICT_PROTOTYPES = YES;
				CLANG_WARN_SUSPICIOUS_MOVE = YES;
				CLANG_WARN_UNGUARDED_AVAILABILITY = YES_AGGRESSIVE;
				CLANG_WARN_UNREACHABLE_CODE = YES;
				CLANG_WARN__DUPLICATE_METHOD_MATCH = YES;
				COPY_PHASE_STRIP = NO;
				DEBUG_INFORMATION_FORMAT = dwarf;
				ENABLE_STRICT_OBJC_MSGSEND = YES;
				ENABLE_TESTABILITY = YES;
				GCC_C_LANGUAGE_STANDARD = gnu11;
				GCC_DYNAMIC_NO_PIC = NO;
				GCC_NO_COMMON_BLOCKS = YES;
				GCC_OPTIMIZATION_LEVEL = 0;
				GCC_PREPROCESSOR_DEFINITIONS = (
					"DEBUG=1",
					"$(inherited)",
				);
				GCC_WARN_64_TO_32_BIT_CONVERSION = YES;
				GCC_WARN_ABOUT_RETURN_TYPE = YES_ERROR;
				GCC_WARN_UNDECLARED_SELECTOR = YES;
				GCC_WARN_UNINITIALIZED_AUTOS = YES_AGGRESSIVE;
				GCC_WARN_UNUSED_FUNCTION = YES;
				GCC_WARN_UNUSED_VARIABLE = YES;
				IPHONEOS_DEPLOYMENT_TARGET = 13.0;
				MTL_ENABLE_DEBUG_INFO = INCLUDE_SOURCE;
				MTL_FAST_MATH = YES;
				ONLY_ACTIVE_ARCH = YES;
				SDKROOT = iphoneos;
				SWIFT_ACTIVE_COMPILATION_CONDITIONS = DEBUG;
				SWIFT_OPTIMIZATION_LEVEL = "-Onone";
			};
			name = Debug;
		};
		CD6B8253250E63EE008D1047 /* Release */ = {
			isa = XCBuildConfiguration;
			buildSettings = {
				ALWAYS_SEARCH_USER_PATHS = NO;
				CLANG_ANALYZER_NONNULL = YES;
				CLANG_ANALYZER_NUMBER_OBJECT_CONVERSION = YES_AGGRESSIVE;
				CLANG_CXX_LANGUAGE_STANDARD = "gnu++14";
				CLANG_CXX_LIBRARY = "libc++";
				CLANG_ENABLE_MODULES = YES;
				CLANG_ENABLE_OBJC_ARC = YES;
				CLANG_ENABLE_OBJC_WEAK = YES;
				CLANG_WARN_BLOCK_CAPTURE_AUTORELEASING = YES;
				CLANG_WARN_BOOL_CONVERSION = YES;
				CLANG_WARN_COMMA = YES;
				CLANG_WARN_CONSTANT_CONVERSION = YES;
				CLANG_WARN_DEPRECATED_OBJC_IMPLEMENTATIONS = YES;
				CLANG_WARN_DIRECT_OBJC_ISA_USAGE = YES_ERROR;
				CLANG_WARN_DOCUMENTATION_COMMENTS = YES;
				CLANG_WARN_EMPTY_BODY = YES;
				CLANG_WARN_ENUM_CONVERSION = YES;
				CLANG_WARN_INFINITE_RECURSION = YES;
				CLANG_WARN_INT_CONVERSION = YES;
				CLANG_WARN_NON_LITERAL_NULL_CONVERSION = YES;
				CLANG_WARN_OBJC_IMPLICIT_RETAIN_SELF = YES;
				CLANG_WARN_OBJC_LITERAL_CONVERSION = YES;
				CLANG_WARN_OBJC_ROOT_CLASS = YES_ERROR;
				CLANG_WARN_QUOTED_INCLUDE_IN_FRAMEWORK_HEADER = YES;
				CLANG_WARN_RANGE_LOOP_ANALYSIS = YES;
				CLANG_WARN_STRICT_PROTOTYPES = YES;
				CLANG_WARN_SUSPICIOUS_MOVE = YES;
				CLANG_WARN_UNGUARDED_AVAILABILITY = YES_AGGRESSIVE;
				CLANG_WARN_UNREACHABLE_CODE = YES;
				CLANG_WARN__DUPLICATE_METHOD_MATCH = YES;
				COPY_PHASE_STRIP = NO;
				DEBUG_INFORMATION_FORMAT = "dwarf-with-dsym";
				ENABLE_NS_ASSERTIONS = NO;
				ENABLE_STRICT_OBJC_MSGSEND = YES;
				GCC_C_LANGUAGE_STANDARD = gnu11;
				GCC_NO_COMMON_BLOCKS = YES;
				GCC_WARN_64_TO_32_BIT_CONVERSION = YES;
				GCC_WARN_ABOUT_RETURN_TYPE = YES_ERROR;
				GCC_WARN_UNDECLARED_SELECTOR = YES;
				GCC_WARN_UNINITIALIZED_AUTOS = YES_AGGRESSIVE;
				GCC_WARN_UNUSED_FUNCTION = YES;
				GCC_WARN_UNUSED_VARIABLE = YES;
				IPHONEOS_DEPLOYMENT_TARGET = 13.0;
				MTL_ENABLE_DEBUG_INFO = NO;
				MTL_FAST_MATH = YES;
				SDKROOT = iphoneos;
				SWIFT_COMPILATION_MODE = wholemodule;
				SWIFT_OPTIMIZATION_LEVEL = "-O";
				VALIDATE_PRODUCT = YES;
			};
			name = Release;
		};
		CD6B8255250E63EE008D1047 /* Debug */ = {
			isa = XCBuildConfiguration;
			baseConfigurationReference = 059AAD2DBE47B77F83AF83BF /* Pods-FixIt.debug.xcconfig */;
			buildSettings = {
				ASSETCATALOG_COMPILER_APPICON_NAME = AppIcon;
				CODE_SIGN_STYLE = Automatic;
				DEVELOPMENT_TEAM = CBN4P2C6D4;
				INFOPLIST_FILE = FixIt/Info.plist;
				IPHONEOS_DEPLOYMENT_TARGET = 13.0;
				LD_RUNPATH_SEARCH_PATHS = (
					"$(inherited)",
					"@executable_path/Frameworks",
				);
				PRODUCT_BUNDLE_IDENTIFIER = io.mvnBits.FixIt;
				PRODUCT_NAME = "$(TARGET_NAME)";
				SWIFT_VERSION = 5.0;
				TARGETED_DEVICE_FAMILY = 1;
			};
			name = Debug;
		};
		CD6B8256250E63EE008D1047 /* Release */ = {
			isa = XCBuildConfiguration;
			baseConfigurationReference = 83E3B6131E374601347ADD7B /* Pods-FixIt.release.xcconfig */;
			buildSettings = {
				ASSETCATALOG_COMPILER_APPICON_NAME = AppIcon;
				CODE_SIGN_STYLE = Automatic;
				DEVELOPMENT_TEAM = CBN4P2C6D4;
				INFOPLIST_FILE = FixIt/Info.plist;
				IPHONEOS_DEPLOYMENT_TARGET = 13.0;
				LD_RUNPATH_SEARCH_PATHS = (
					"$(inherited)",
					"@executable_path/Frameworks",
				);
				PRODUCT_BUNDLE_IDENTIFIER = io.mvnBits.FixIt;
				PRODUCT_NAME = "$(TARGET_NAME)";
				SWIFT_VERSION = 5.0;
				TARGETED_DEVICE_FAMILY = 1;
			};
			name = Release;
		};
/* End XCBuildConfiguration section */

/* Begin XCConfigurationList section */
		CD6B823B250E63EB008D1047 /* Build configuration list for PBXProject "FixIt" */ = {
			isa = XCConfigurationList;
			buildConfigurations = (
				CD6B8252250E63EE008D1047 /* Debug */,
				CD6B8253250E63EE008D1047 /* Release */,
			);
			defaultConfigurationIsVisible = 0;
			defaultConfigurationName = Release;
		};
		CD6B8254250E63EE008D1047 /* Build configuration list for PBXNativeTarget "FixIt" */ = {
			isa = XCConfigurationList;
			buildConfigurations = (
				CD6B8255250E63EE008D1047 /* Debug */,
				CD6B8256250E63EE008D1047 /* Release */,
			);
			defaultConfigurationIsVisible = 0;
			defaultConfigurationName = Release;
		};
/* End XCConfigurationList section */
	};
	rootObject = CD6B8238250E63EB008D1047 /* Project object */;
}
